
Microsoft Visual Studio Solution File, Format Version 12.00
# Visual Studio Version 17
VisualStudioVersion = 17.5.002.0
MinimumVisualStudioVersion = 10.0.40219.1
Project("{9A19103F-16F7-4668-BE54-9A1E7A4F7556}") = "PizzaStore", "PizzaStore-Cors\PizzaStore.csproj", "{92AE4EEF-6F3B-4842-96CB-A276CB96AFA5}"
EndProject
Project("{9A19103F-16F7-4668-BE54-9A1E7A4F7556}") = "PizzaStore (1)", "PizzaStore\PizzaStore.csproj", "{56A5AA61-2CDE-41C3-892B-1DD7A99B2CB0}"
EndProject
Global
	GlobalSection(SolutionConfigurationPlatforms) = preSolution
		Debug|Any CPU = Debug|Any CPU
		Release|Any CPU = Release|Any CPU
	EndGlobalSection
	GlobalSection(ProjectConfigurationPlatforms) = postSolution
		{92AE4EEF-6F3B-4842-96CB-A276CB96AFA5}.Debug|Any CPU.ActiveCfg = Debug|Any CPU
		{92AE4EEF-6F3B-4842-96CB-A276CB96AFA5}.Debug|Any CPU.Build.0 = Debug|Any CPU
		{92AE4EEF-6F3B-4842-96CB-A276CB96AFA5}.Release|Any CPU.ActiveCfg = Release|Any CPU
		{92AE4EEF-6F3B-4842-96CB-A276CB96AFA5}.Release|Any CPU.Build.0 = Release|Any CPU
		{56A5AA61-2CDE-41C3-892B-1DD7A99B2CB0}.Debug|Any CPU.ActiveCfg = Debug|Any CPU
		{56A5AA61-2CDE-41C3-892B-1DD7A99B2CB0}.Debug|Any CPU.Build.0 = Debug|Any CPU
		{56A5AA61-2CDE-41C3-892B-1DD7A99B2CB0}.Release|Any CPU.ActiveCfg = Release|Any CPU
		{56A5AA61-2CDE-41C3-892B-1DD7A99B2CB0}.Release|Any CPU.Build.0 = Release|Any CPU
	EndGlobalSection
	GlobalSection(SolutionProperties) = preSolution
		HideSolutionNode = FALSE
	EndGlobalSection
	GlobalSection(ExtensibilityGlobals) = postSolution
		SolutionGuid = {463F5437-1535-4729-8788-DA3F9D6C19DD}
	EndGlobalSection
EndGlobal
